
Microsoft Visual Studio Solution File, Format Version 12.00
# Visual Studio Version 16
VisualStudioVersion = 16.0.29613.14
MinimumVisualStudioVersion = 10.0.40219.1
Project("{9A19103F-16F7-4668-BE54-9A1E7A4F7556}") = "client", "client\client.csproj", "{7DE53C5E-7AF9-446D-B000-286994D33D41}"
EndProject
Project("{9A19103F-16F7-4668-BE54-9A1E7A4F7556}") = "server", "server\server.csproj", "{DA2E01C0-1B4F-4B03-9832-20D2E08C8EDC}"
EndProject
Project("{2150E333-8FDC-42A3-9474-1A3956D46DE8}") = "ssl", "ssl", "{F80ADEFB-3E7D-4469-87B1-918EE760D874}"
	ProjectSection(SolutionItems) = preProject
		calculator.proto = calculator.proto
	EndProjectSection
EndProject
Global
	GlobalSection(SolutionConfigurationPlatforms) = preSolution
		Debug|Any CPU = Debug|Any CPU
		Release|Any CPU = Release|Any CPU
	EndGlobalSection
	GlobalSection(ProjectConfigurationPlatforms) = postSolution
		{7DE53C5E-7AF9-446D-B000-286994D33D41}.Debug|Any CPU.ActiveCfg = Debug|Any CPU
		{7DE53C5E-7AF9-446D-B000-286994D33D41}.Debug|Any CPU.Build.0 = Debug|Any CPU
		{7DE53C5E-7AF9-446D-B000-286994D33D41}.Release|Any CPU.ActiveCfg = Release|Any CPU
		{7DE53C5E-7AF9-446D-B000-286994D33D41}.Release|Any CPU.Build.0 = Release|Any CPU
		{DA2E01C0-1B4F-4B03-9832-20D2E08C8EDC}.Debug|Any CPU.ActiveCfg = Debug|Any CPU
		{DA2E01C0-1B4F-4B03-9832-20D2E08C8EDC}.Debug|Any CPU.Build.0 = Debug|Any CPU
		{DA2E01C0-1B4F-4B03-9832-20D2E08C8EDC}.Release|Any CPU.ActiveCfg = Release|Any CPU
		{DA2E01C0-1B4F-4B03-9832-20D2E08C8EDC}.Release|Any CPU.Build.0 = Release|Any CPU
	EndGlobalSection
	GlobalSection(SolutionProperties) = preSolution
		HideSolutionNode = FALSE
	EndGlobalSection
	GlobalSection(ExtensibilityGlobals) = postSolution
		SolutionGuid = {2B560A56-88D8-4BE3-9862-AFE446CFC914}
	EndGlobalSection
EndGlobal
